# This file is autogenerated, do not edit; changes may be undone by the next 'dep ensure'.


[[projects]]
  branch = "master"
  digest = "1:b852d2b62be24e445fcdbad9ce3015b44c207815d631230dfce3f14e7803f5bf"
  name = "github.com/golang/protobuf"
  packages = [
    "proto",
    "ptypes",
    "ptypes/any",
    "ptypes/duration",
    "ptypes/timestamp",
  ]
  pruneopts = ""
  revision = "6c65a5562fc06764971b7c5d05c76c75e84bdbf7"

[[projects]]
  branch = "renderer"
  digest = "1:73460e6eaa31824af444a895e5858175883c73b88acc8df767a115b78b578ddb"
  name = "github.com/grafana/grafana_plugin_model"
  packages = ["go/datasource"]
  pruneopts = ""
  revision = "84176c64269d8060f99e750ee8aba6f062753336"

[[projects]]
  digest = "1:2f7a9df14614ced87f61688d9c08080e89d4a931232bf92a169e1b46b38566fe"
  name = "github.com/hashicorp/go-hclog"
  packages = ["."]
  pruneopts = ""
  revision = "5ccdce08c75b6c7b37af61159f13f6a4f5e2e928"
  version = "v0.9.2"

[[projects]]
  digest = "1:de20979176f5f326a028fd0d3698f4ec18f6921b46c9d68a35200355c6e8e6b9"
  name = "github.com/hashicorp/go-plugin"
  packages = ["."]
  pruneopts = ""
  revision = "e8d22c780116115ae5624720c9af0c97afe4f551"

[[projects]]
  branch = "master"
  digest = "1:f9a62feb8295380942889460d0008f9fc34c4ad288821efb2ec15168a91b3404"
  name = "github.com/hashicorp/yamux"
  packages = ["."]
  pruneopts = ""
  revision = "2f1d1f20f75d5404f53b9edf6b53ed5505508675"

[[projects]]
  digest = "1:9adf43f9a17af07a6d587e3b493e2111ad8e07283d5cd58e44e70d23bf6dc644"
  name = "github.com/mitchellh/go-testing-interface"
  packages = ["."]
  pruneopts = ""
  revision = "6d0b8010fcc857872e42fc6c931227569016843c"
  version = "v1.0.0"

[[projects]]
  digest = "1:94e9081cc450d2cdf4e6886fc2c06c07272f86477df2d74ee5931951fa3d2577"
  name = "github.com/oklog/run"
  packages = ["."]
  pruneopts = ""
  revision = "4dadeb3030eda0273a12382bb2348ffc7c9d1a39"
  version = "v1.0.0"

[[projects]]
  digest = "1:5911bdb54c132ed2f9cb65c7d86842f9a837cbb29bd98ece7d10144ee32c0432"
  name = "github.com/vertica/vertica-sql-go"
  packages = [
    ".",
    "common",
    "logger",
    "msgs",
  ]
  pruneopts = ""
  revision = "9e194a19d20049593248e31e22cc24e71d2e4b2f"
  version = "0.1.1"

[[projects]]
  branch = "master"
  digest = "1:955694a7c42527d7fb188505a22f10b3e158c6c2cf31fe64b1e62c9ab7b18401"
  name = "golang.org/x/net"
  packages = [
    "context",
    "http/httpguts",
    "http2",
    "http2/hpack",
    "idna",
    "internal/timeseries",
    "trace",
  ]
  pruneopts = ""
  revision = "ca1201d0de80cfde86cb01aea620983605dfe99b"

[[projects]]
  branch = "master"
  digest = "1:8d8dab33e614e3839a47bbb340189458c28c58e60655023d20eeb92b7300768a"
  name = "golang.org/x/sys"
  packages = ["unix"]
  pruneopts = ""
  revision = "fae7ac547cb717d141c433a2a173315e216b64c4"

[[projects]]
  digest = "1:740b51a55815493a8d0f2b1e0d0ae48fe48953bf7eaf3fcc4198823bf67768c0"
  name = "golang.org/x/text"
  packages = [
    "collate",
    "collate/build",
    "internal/colltab",
    "internal/gen",
    "internal/language",
    "internal/language/compact",
    "internal/tag",
    "internal/triegen",
    "internal/ucd",
    "language",
    "secure/bidirule",
    "transform",
    "unicode/bidi",
    "unicode/cldr",
    "unicode/norm",
    "unicode/rangetable",
  ]
  pruneopts = ""
  revision = "342b2e1fbaa52c93f31447ad2c6abc048c63e475"
  version = "v0.3.2"

[[projects]]
  branch = "master"
  digest = "1:53a69ca05e2f34d0d6e5cc02d2d3b0c0f815628965757fb5aaf04aa83ca5cc07"
  name = "google.golang.org/genproto"
  packages = ["googleapis/rpc/status"]
  pruneopts = ""
  revision = "c506a9f9061087022822e8da603a52fc387115a8"

[[projects]]
  digest = "1:425ee670b3e8b6562e31754021a82d78aa46b9281247827376616c8aa78f4687"
  name = "google.golang.org/grpc"
  packages = [
    ".",
    "balancer",
    "balancer/base",
    "balancer/roundrobin",
    "binarylog/grpc_binarylog_v1",
    "codes",
    "connectivity",
    "credentials",
    "credentials/internal",
    "encoding",
    "encoding/proto",
    "grpclog",
    "health",
    "health/grpc_health_v1",
    "internal",
    "internal/backoff",
    "internal/balancerload",
    "internal/binarylog",
    "internal/channelz",
    "internal/envconfig",
    "internal/grpcrand",
    "internal/grpcsync",
    "internal/syscall",
    "internal/transport",
    "keepalive",
    "metadata",
    "naming",
    "peer",
    "resolver",
    "resolver/dns",
    "resolver/passthrough",
    "serviceconfig",
    "stats",
    "status",
    "tap",
  ]
  pruneopts = ""
  revision = "045159ad57f3781d409358e3ade910a018c16b30"
  version = "v1.22.1"

[solve-meta]
  analyzer-name = "dep"
  analyzer-version = 1
  input-imports = [
    "github.com/grafana/grafana_plugin_model/go/datasource",
    "github.com/hashicorp/go-hclog",
    "github.com/hashicorp/go-plugin",
    "github.com/vertica/vertica-sql-go",
  ]
  solver-name = "gps-cdcl"
  solver-version = 1
